
Microsoft Visual Studio Solution File, Format Version 12.00
# Visual Studio Version 17
VisualStudioVersion = 17.13.35931.197
MinimumVisualStudioVersion = 10.0.40219.1
Project("{FAE04EC0-301F-11D3-BF4B-00C04F79EFBC}") = "PedidosMesa", "PedidosMesa\PedidosMesa.csproj", "{595EEF23-4B7A-405F-A654-D734C9503AEA}"
EndProject
Global
	GlobalSection(SolutionConfigurationPlatforms) = preSolution
		Debug|Any CPU = Debug|Any CPU
		Release|Any CPU = Release|Any CPU
	EndGlobalSection
	GlobalSection(ProjectConfigurationPlatforms) = postSolution
		{595EEF23-4B7A-405F-A654-D734C9503AEA}.Debug|Any CPU.ActiveCfg = Debug|Any CPU
		{595EEF23-4B7A-405F-A654-D734C9503AEA}.Debug|Any CPU.Build.0 = Debug|Any CPU
		{595EEF23-4B7A-405F-A654-D734C9503AEA}.Debug|Any CPU.Deploy.0 = Debug|Any CPU
		{595EEF23-4B7A-405F-A654-D734C9503AEA}.Release|Any CPU.ActiveCfg = Release|Any CPU
		{595EEF23-4B7A-405F-A654-D734C9503AEA}.Release|Any CPU.Build.0 = Release|Any CPU
		{595EEF23-4B7A-405F-A654-D734C9503AEA}.Release|Any CPU.Deploy.0 = Release|Any CPU
	EndGlobalSection
	GlobalSection(SolutionProperties) = preSolution
		HideSolutionNode = FALSE
	EndGlobalSection
	GlobalSection(ExtensibilityGlobals) = postSolution
		SolutionGuid = {3FD18A95-C1FE-4AC1-83CB-CFBA2968B757}
	EndGlobalSection
EndGlobal
